// !$*UTF8*$!
{
	archiveVersion = 1;
	classes = {
	};
	objectVersion = 51;
	objects = {

/* Begin PBXBuildFile section */
		C546A07E23EEFF9700726554 /* SelectPlayerViewController.swift in Sources */ = {isa = PBXBuildFile; fileRef = C546A07D23EEFF9700726554 /* SelectPlayerViewController.swift */; };
		7463629D23EEFEBD00C5A48D /* InformationModels.swift in Sources */ = {isa = PBXBuildFile; fileRef = 7463629C23EEFEBD00C5A48D /* InformationModels.swift */; };
		7463629F23EEFF0C00C5A48D /* Networking.swift in Sources */ = {isa = PBXBuildFile; fileRef = 7463629E23EEFF0C00C5A48D /* Networking.swift */; };
		746362A123EF118D00C5A48D /* UserID.swift in Sources */ = {isa = PBXBuildFile; fileRef = 746362A023EF118D00C5A48D /* UserID.swift */; };
		746362A323EF11D700C5A48D /* Game.swift in Sources */ = {isa = PBXBuildFile; fileRef = 746362A223EF11D700C5A48D /* Game.swift */; };
		746362A523EF129200C5A48D /* Event.swift in Sources */ = {isa = PBXBuildFile; fileRef = 746362A423EF129200C5A48D /* Event.swift */; };
		C5B2AB6C23EED97400F052EE /* AppDelegate.swift in Sources */ = {isa = PBXBuildFile; fileRef = C5B2AB6B23EED97400F052EE /* AppDelegate.swift */; };
		C5B2AB7323EED97700F052EE /* Assets.xcassets in Resources */ = {isa = PBXBuildFile; fileRef = C5B2AB7223EED97700F052EE /* Assets.xcassets */; };
		C5B2AB7623EED97700F052EE /* LaunchScreen.storyboard in Resources */ = {isa = PBXBuildFile; fileRef = C5B2AB7423EED97700F052EE /* LaunchScreen.storyboard */; };
		C5B2AB7E23EEDBF900F052EE /* Authentication.storyboard in Resources */ = {isa = PBXBuildFile; fileRef = C5B2AB7D23EEDBF900F052EE /* Authentication.storyboard */; };
		C5B2AB8023EEDC0700F052EE /* Menu.storyboard in Resources */ = {isa = PBXBuildFile; fileRef = C5B2AB7F23EEDC0700F052EE /* Menu.storyboard */; };
		C5B2AB8223EEDC1C00F052EE /* GameTracking.storyboard in Resources */ = {isa = PBXBuildFile; fileRef = C5B2AB8123EEDC1C00F052EE /* GameTracking.storyboard */; };
		C5B2AB8423EEDC3100F052EE /* Report.storyboard in Resources */ = {isa = PBXBuildFile; fileRef = C5B2AB8323EEDC3100F052EE /* Report.storyboard */; };
		C5B2AB8723EEDEB600F052EE /* MenuViewController.swift in Sources */ = {isa = PBXBuildFile; fileRef = C5B2AB8623EEDEB600F052EE /* MenuViewController.swift */; };
		C5B2AB8C23EEE3E000F052EE /* GoogleService-Info.plist in Resources */ = {isa = PBXBuildFile; fileRef = C5B2AB8B23EEE3E000F052EE /* GoogleService-Info.plist */; };
		CF93F09D578B41D867EE33E7 /* Pods_CoachAssistantApp.framework in Frameworks */ = {isa = PBXBuildFile; fileRef = 7CB8808478A75BB20A8CA210 /* Pods_CoachAssistantApp.framework */; };
/* End PBXBuildFile section */

/* Begin PBXFileReference section */
		0629CD294696295BE99CE456 /* Pods-CoachAssistantApp.release.xcconfig */ = {isa = PBXFileReference; includeInIndex = 1; lastKnownFileType = text.xcconfig; name = "Pods-CoachAssistantApp.release.xcconfig"; path = "Target Support Files/Pods-CoachAssistantApp/Pods-CoachAssistantApp.release.xcconfig"; sourceTree = "<group>"; };
		67CAAE7C06EB95EBD4C15FA4 /* Pods-CoachAssistantApp.debug.xcconfig */ = {isa = PBXFileReference; includeInIndex = 1; lastKnownFileType = text.xcconfig; name = "Pods-CoachAssistantApp.debug.xcconfig"; path = "Target Support Files/Pods-CoachAssistantApp/Pods-CoachAssistantApp.debug.xcconfig"; sourceTree = "<group>"; };
		7463629C23EEFEBD00C5A48D /* InformationModels.swift */ = {isa = PBXFileReference; lastKnownFileType = sourcecode.swift; path = InformationModels.swift; sourceTree = "<group>"; };
		7463629E23EEFF0C00C5A48D /* Networking.swift */ = {isa = PBXFileReference; lastKnownFileType = sourcecode.swift; path = Networking.swift; sourceTree = "<group>"; };
		746362A023EF118D00C5A48D /* UserID.swift */ = {isa = PBXFileReference; lastKnownFileType = sourcecode.swift; path = UserID.swift; sourceTree = "<group>"; };
		746362A223EF11D700C5A48D /* Game.swift */ = {isa = PBXFileReference; lastKnownFileType = sourcecode.swift; path = Game.swift; sourceTree = "<group>"; };
		746362A423EF129200C5A48D /* Event.swift */ = {isa = PBXFileReference; lastKnownFileType = sourcecode.swift; path = Event.swift; sourceTree = "<group>"; };
		7CB8808478A75BB20A8CA210 /* Pods_CoachAssistantApp.framework */ = {isa = PBXFileReference; explicitFileType = wrapper.framework; includeInIndex = 0; path = Pods_CoachAssistantApp.framework; sourceTree = BUILT_PRODUCTS_DIR; };
		C546A07D23EEFF9700726554 /* SelectPlayerViewController.swift */ = {isa = PBXFileReference; lastKnownFileType = sourcecode.swift; path = SelectPlayerViewController.swift; sourceTree = "<group>"; };
		C5B2AB6823EED97400F052EE /* CoachAssistantApp.app */ = {isa = PBXFileReference; explicitFileType = wrapper.application; includeInIndex = 0; path = CoachAssistantApp.app; sourceTree = BUILT_PRODUCTS_DIR; };
		C5B2AB6B23EED97400F052EE /* AppDelegate.swift */ = {isa = PBXFileReference; lastKnownFileType = sourcecode.swift; path = AppDelegate.swift; sourceTree = "<group>"; };
		C5B2AB7223EED97700F052EE /* Assets.xcassets */ = {isa = PBXFileReference; lastKnownFileType = folder.assetcatalog; path = Assets.xcassets; sourceTree = "<group>"; };
		C5B2AB7523EED97700F052EE /* Base */ = {isa = PBXFileReference; lastKnownFileType = file.storyboard; name = Base; path = Base.lproj/LaunchScreen.storyboard; sourceTree = "<group>"; };
		C5B2AB7723EED97700F052EE /* Info.plist */ = {isa = PBXFileReference; lastKnownFileType = text.plist.xml; path = Info.plist; sourceTree = "<group>"; };
		C5B2AB7D23EEDBF900F052EE /* Authentication.storyboard */ = {isa = PBXFileReference; lastKnownFileType = file.storyboard; path = Authentication.storyboard; sourceTree = "<group>"; };
		C5B2AB7F23EEDC0700F052EE /* Menu.storyboard */ = {isa = PBXFileReference; lastKnownFileType = file.storyboard; path = Menu.storyboard; sourceTree = "<group>"; };
		C5B2AB8123EEDC1C00F052EE /* GameTracking.storyboard */ = {isa = PBXFileReference; lastKnownFileType = file.storyboard; path = GameTracking.storyboard; sourceTree = "<group>"; };
		C5B2AB8323EEDC3100F052EE /* Report.storyboard */ = {isa = PBXFileReference; lastKnownFileType = file.storyboard; path = Report.storyboard; sourceTree = "<group>"; };
		C5B2AB8623EEDEB600F052EE /* MenuViewController.swift */ = {isa = PBXFileReference; lastKnownFileType = sourcecode.swift; path = MenuViewController.swift; sourceTree = "<group>"; };
		C5B2AB8B23EEE3E000F052EE /* GoogleService-Info.plist */ = {isa = PBXFileReference; fileEncoding = 4; lastKnownFileType = text.plist.xml; path = "GoogleService-Info.plist"; sourceTree = "<group>"; };
/* End PBXFileReference section */

/* Begin PBXFrameworksBuildPhase section */
		C5B2AB6523EED97400F052EE /* Frameworks */ = {
			isa = PBXFrameworksBuildPhase;
			buildActionMask = 2147483647;
			files = (
				CF93F09D578B41D867EE33E7 /* Pods_CoachAssistantApp.framework in Frameworks */,
			);
			runOnlyForDeploymentPostprocessing = 0;
		};
/* End PBXFrameworksBuildPhase section */

/* Begin PBXGroup section */
		3A31C5CE4C25BC532636A430 /* Pods */ = {
			isa = PBXGroup;
			children = (
				67CAAE7C06EB95EBD4C15FA4 /* Pods-CoachAssistantApp.debug.xcconfig */,
				0629CD294696295BE99CE456 /* Pods-CoachAssistantApp.release.xcconfig */,
			);
			path = Pods;
			sourceTree = "<group>";
		};
		740D361223EEFD740056D2A8 /* Common */ = {
			isa = PBXGroup;
			children = (
				740D361323EEFD950056D2A8 /* Models */,
			);
			path = Common;
			sourceTree = "<group>";
		};
		740D361323EEFD950056D2A8 /* Models */ = {
			isa = PBXGroup;
			children = (
				7463629C23EEFEBD00C5A48D /* InformationModels.swift */,
				7463629E23EEFF0C00C5A48D /* Networking.swift */,
				746362A023EF118D00C5A48D /* UserID.swift */,
				746362A223EF11D700C5A48D /* Game.swift */,
				746362A423EF129200C5A48D /* Event.swift */,
			);
			path = Models;
			sourceTree = "<group>";
		};
		C5B2AB5F23EED97400F052EE = {
			isa = PBXGroup;
			children = (
				C5B2AB6A23EED97400F052EE /* CoachAssistantApp */,
				C5B2AB6923EED97400F052EE /* Products */,
				3A31C5CE4C25BC532636A430 /* Pods */,
				E2EE7AEBC559E2FA5B4EC91F /* Frameworks */,
			);
			sourceTree = "<group>";
		};
		C5B2AB6923EED97400F052EE /* Products */ = {
			isa = PBXGroup;
			children = (
				C5B2AB6823EED97400F052EE /* CoachAssistantApp.app */,
			);
			name = Products;
			sourceTree = "<group>";
		};
		C5B2AB6A23EED97400F052EE /* CoachAssistantApp */ = {
			isa = PBXGroup;
			children = (
				740D361223EEFD740056D2A8 /* Common */,
				C5B2AB8A23EEDF3000F052EE /* Authentication */,
				C5B2AB8523EEDE6000F052EE /* Menu */,
				C5B2AB8823EEDF0800F052EE /* GameTracking */,
				C5B2AB8923EEDF1B00F052EE /* Report */,
				C5B2AB6B23EED97400F052EE /* AppDelegate.swift */,
				C5B2AB7223EED97700F052EE /* Assets.xcassets */,
				C5B2AB7423EED97700F052EE /* LaunchScreen.storyboard */,
				C5B2AB7723EED97700F052EE /* Info.plist */,
				C5B2AB8B23EEE3E000F052EE /* GoogleService-Info.plist */,
			);
			path = CoachAssistantApp;
			sourceTree = "<group>";
		};
		C5B2AB8523EEDE6000F052EE /* Menu */ = {
			isa = PBXGroup;
			children = (
				C5B2AB7F23EEDC0700F052EE /* Menu.storyboard */,
				C5B2AB8623EEDEB600F052EE /* MenuViewController.swift */,
			);
			path = Menu;
			sourceTree = "<group>";
		};
		C5B2AB8823EEDF0800F052EE /* GameTracking */ = {
			isa = PBXGroup;
			children = (
				C5B2AB8123EEDC1C00F052EE /* GameTracking.storyboard */,
				C546A07D23EEFF9700726554 /* SelectPlayerViewController.swift */,
			);
			path = GameTracking;
			sourceTree = "<group>";
		};
		C5B2AB8923EEDF1B00F052EE /* Report */ = {
			isa = PBXGroup;
			children = (
				C5B2AB8323EEDC3100F052EE /* Report.storyboard */,
			);
			path = Report;
			sourceTree = "<group>";
		};
		C5B2AB8A23EEDF3000F052EE /* Authentication */ = {
			isa = PBXGroup;
			children = (
				C5B2AB7D23EEDBF900F052EE /* Authentication.storyboard */,
			);
			path = Authentication;
			sourceTree = "<group>";
		};
		E2EE7AEBC559E2FA5B4EC91F /* Frameworks */ = {
			isa = PBXGroup;
			children = (
				7CB8808478A75BB20A8CA210 /* Pods_CoachAssistantApp.framework */,
			);
			name = Frameworks;
			sourceTree = "<group>";
		};
/* End PBXGroup section */

/* Begin PBXNativeTarget section */
		C5B2AB6723EED97400F052EE /* CoachAssistantApp */ = {
			isa = PBXNativeTarget;
			buildConfigurationList = C5B2AB7A23EED97700F052EE /* Build configuration list for PBXNativeTarget "CoachAssistantApp" */;
			buildPhases = (
				1021BA8EB8DDA6707960605C /* [CP] Check Pods Manifest.lock */,
				C5B2AB6423EED97400F052EE /* Sources */,
				C5B2AB6523EED97400F052EE /* Frameworks */,
				C5B2AB6623EED97400F052EE /* Resources */,
				3A63BCAC0043569925C6248B /* [CP] Embed Pods Frameworks */,
			);
			buildRules = (
			);
			dependencies = (
			);
			name = CoachAssistantApp;
			productName = CoachAssistantApp;
			productReference = C5B2AB6823EED97400F052EE /* CoachAssistantApp.app */;
			productType = "com.apple.product-type.application";
		};
/* End PBXNativeTarget section */

/* Begin PBXProject section */
		C5B2AB6023EED97400F052EE /* Project object */ = {
			isa = PBXProject;
			attributes = {
				LastSwiftUpdateCheck = 1010;
				LastUpgradeCheck = 1010;
				ORGANIZATIONNAME = "Swift FMI";
				TargetAttributes = {
					C5B2AB6723EED97400F052EE = {
						CreatedOnToolsVersion = 10.1;
					};
				};
			};
			buildConfigurationList = C5B2AB6323EED97400F052EE /* Build configuration list for PBXProject "CoachAssistantApp" */;
			compatibilityVersion = "Xcode 9.3";
			developmentRegion = en;
			hasScannedForEncodings = 0;
			knownRegions = (
				en,
				Base,
			);
			mainGroup = C5B2AB5F23EED97400F052EE;
			productRefGroup = C5B2AB6923EED97400F052EE /* Products */;
			projectDirPath = "";
			projectRoot = "";
			targets = (
				C5B2AB6723EED97400F052EE /* CoachAssistantApp */,
			);
		};
/* End PBXProject section */

/* Begin PBXResourcesBuildPhase section */
		C5B2AB6623EED97400F052EE /* Resources */ = {
			isa = PBXResourcesBuildPhase;
			buildActionMask = 2147483647;
			files = (
				C5B2AB8023EEDC0700F052EE /* Menu.storyboard in Resources */,
				C5B2AB8423EEDC3100F052EE /* Report.storyboard in Resources */,
				C5B2AB7E23EEDBF900F052EE /* Authentication.storyboard in Resources */,
				C5B2AB7623EED97700F052EE /* LaunchScreen.storyboard in Resources */,
				C5B2AB7323EED97700F052EE /* Assets.xcassets in Resources */,
				C5B2AB8223EEDC1C00F052EE /* GameTracking.storyboard in Resources */,
				C5B2AB8C23EEE3E000F052EE /* GoogleService-Info.plist in Resources */,
			);
			runOnlyForDeploymentPostprocessing = 0;
		};
/* End PBXResourcesBuildPhase section */

/* Begin PBXShellScriptBuildPhase section */
		1021BA8EB8DDA6707960605C /* [CP] Check Pods Manifest.lock */ = {
			isa = PBXShellScriptBuildPhase;
			buildActionMask = 2147483647;
			files = (
			);
			inputFileListPaths = (
			);
			inputPaths = (
				"${PODS_PODFILE_DIR_PATH}/Podfile.lock",
				"${PODS_ROOT}/Manifest.lock",
			);
			name = "[CP] Check Pods Manifest.lock";
			outputFileListPaths = (
			);
			outputPaths = (
				"$(DERIVED_FILE_DIR)/Pods-CoachAssistantApp-checkManifestLockResult.txt",
			);
			runOnlyForDeploymentPostprocessing = 0;
			shellPath = /bin/sh;
			shellScript = "diff \"${PODS_PODFILE_DIR_PATH}/Podfile.lock\" \"${PODS_ROOT}/Manifest.lock\" > /dev/null\nif [ $? != 0 ] ; then\n    # print error to STDERR\n    echo \"error: The sandbox is not in sync with the Podfile.lock. Run 'pod install' or update your CocoaPods installation.\" >&2\n    exit 1\nfi\n# This output is used by Xcode 'outputs' to avoid re-running this script phase.\necho \"SUCCESS\" > \"${SCRIPT_OUTPUT_FILE_0}\"\n";
			showEnvVarsInLog = 0;
		};
		3A63BCAC0043569925C6248B /* [CP] Embed Pods Frameworks */ = {
			isa = PBXShellScriptBuildPhase;
			buildActionMask = 2147483647;
			files = (
			);
			inputFileListPaths = (
				"${PODS_ROOT}/Target Support Files/Pods-CoachAssistantApp/Pods-CoachAssistantApp-frameworks-${CONFIGURATION}-input-files.xcfilelist",
			);
			name = "[CP] Embed Pods Frameworks";
			outputFileListPaths = (
				"${PODS_ROOT}/Target Support Files/Pods-CoachAssistantApp/Pods-CoachAssistantApp-frameworks-${CONFIGURATION}-output-files.xcfilelist",
			);
			runOnlyForDeploymentPostprocessing = 0;
			shellPath = /bin/sh;
			shellScript = "\"${PODS_ROOT}/Target Support Files/Pods-CoachAssistantApp/Pods-CoachAssistantApp-frameworks.sh\"\n";
			showEnvVarsInLog = 0;
		};
/* End PBXShellScriptBuildPhase section */

/* Begin PBXSourcesBuildPhase section */
		C5B2AB6423EED97400F052EE /* Sources */ = {
			isa = PBXSourcesBuildPhase;
			buildActionMask = 2147483647;
			files = (
				C546A07E23EEFF9700726554 /* SelectPlayerViewController.swift in Sources */,
				C5B2AB8723EEDEB600F052EE /* MenuViewController.swift in Sources */,
				746362A323EF11D700C5A48D /* Game.swift in Sources */,
				7463629D23EEFEBD00C5A48D /* InformationModels.swift in Sources */,
				C5B2AB6C23EED97400F052EE /* AppDelegate.swift in Sources */,
				7463629F23EEFF0C00C5A48D /* Networking.swift in Sources */,
				746362A523EF129200C5A48D /* Event.swift in Sources */,
				746362A123EF118D00C5A48D /* UserID.swift in Sources */,
			);
			runOnlyForDeploymentPostprocessing = 0;
		};
/* End PBXSourcesBuildPhase section */

/* Begin PBXVariantGroup section */
		C5B2AB7423EED97700F052EE /* LaunchScreen.storyboard */ = {
			isa = PBXVariantGroup;
			children = (
				C5B2AB7523EED97700F052EE /* Base */,
			);
			name = LaunchScreen.storyboard;
			sourceTree = "<group>";
		};
/* End PBXVariantGroup section */

/* Begin XCBuildConfiguration section */
		C5B2AB7823EED97700F052EE /* Debug */ = {
			isa = XCBuildConfiguration;
			buildSettings = {
				ALWAYS_SEARCH_USER_PATHS = NO;
				CLANG_ANALYZER_NONNULL = YES;
				CLANG_ANALYZER_NUMBER_OBJECT_CONVERSION = YES_AGGRESSIVE;
				CLANG_CXX_LANGUAGE_STANDARD = "gnu++14";
				CLANG_CXX_LIBRARY = "libc++";
				CLANG_ENABLE_MODULES = YES;
				CLANG_ENABLE_OBJC_ARC = YES;
				CLANG_ENABLE_OBJC_WEAK = YES;
				CLANG_WARN_BLOCK_CAPTURE_AUTORELEASING = YES;
				CLANG_WARN_BOOL_CONVERSION = YES;
				CLANG_WARN_COMMA = YES;
				CLANG_WARN_CONSTANT_CONVERSION = YES;
				CLANG_WARN_DEPRECATED_OBJC_IMPLEMENTATIONS = YES;
				CLANG_WARN_DIRECT_OBJC_ISA_USAGE = YES_ERROR;
				CLANG_WARN_DOCUMENTATION_COMMENTS = YES;
				CLANG_WARN_EMPTY_BODY = YES;
				CLANG_WARN_ENUM_CONVERSION = YES;
				CLANG_WARN_INFINITE_RECURSION = YES;
				CLANG_WARN_INT_CONVERSION = YES;
				CLANG_WARN_NON_LITERAL_NULL_CONVERSION = YES;
				CLANG_WARN_OBJC_IMPLICIT_RETAIN_SELF = YES;
				CLANG_WARN_OBJC_LITERAL_CONVERSION = YES;
				CLANG_WARN_OBJC_ROOT_CLASS = YES_ERROR;
				CLANG_WARN_RANGE_LOOP_ANALYSIS = YES;
				CLANG_WARN_STRICT_PROTOTYPES = YES;
				CLANG_WARN_SUSPICIOUS_MOVE = YES;
				CLANG_WARN_UNGUARDED_AVAILABILITY = YES_AGGRESSIVE;
				CLANG_WARN_UNREACHABLE_CODE = YES;
				CLANG_WARN__DUPLICATE_METHOD_MATCH = YES;
				CODE_SIGN_IDENTITY = "iPhone Developer";
				COPY_PHASE_STRIP = NO;
				DEBUG_INFORMATION_FORMAT = dwarf;
				ENABLE_STRICT_OBJC_MSGSEND = YES;
				ENABLE_TESTABILITY = YES;
				GCC_C_LANGUAGE_STANDARD = gnu11;
				GCC_DYNAMIC_NO_PIC = NO;
				GCC_NO_COMMON_BLOCKS = YES;
				GCC_OPTIMIZATION_LEVEL = 0;
				GCC_PREPROCESSOR_DEFINITIONS = (
					"DEBUG=1",
					"$(inherited)",
				);
				GCC_WARN_64_TO_32_BIT_CONVERSION = YES;
				GCC_WARN_ABOUT_RETURN_TYPE = YES_ERROR;
				GCC_WARN_UNDECLARED_SELECTOR = YES;
				GCC_WARN_UNINITIALIZED_AUTOS = YES_AGGRESSIVE;
				GCC_WARN_UNUSED_FUNCTION = YES;
				GCC_WARN_UNUSED_VARIABLE = YES;
				IPHONEOS_DEPLOYMENT_TARGET = 12.1;
				MTL_ENABLE_DEBUG_INFO = INCLUDE_SOURCE;
				MTL_FAST_MATH = YES;
				ONLY_ACTIVE_ARCH = YES;
				SDKROOT = iphoneos;
				SWIFT_ACTIVE_COMPILATION_CONDITIONS = DEBUG;
				SWIFT_OPTIMIZATION_LEVEL = "-Onone";
			};
			name = Debug;
		};
		C5B2AB7923EED97700F052EE /* Release */ = {
			isa = XCBuildConfiguration;
			buildSettings = {
				ALWAYS_SEARCH_USER_PATHS = NO;
				CLANG_ANALYZER_NONNULL = YES;
				CLANG_ANALYZER_NUMBER_OBJECT_CONVERSION = YES_AGGRESSIVE;
				CLANG_CXX_LANGUAGE_STANDARD = "gnu++14";
				CLANG_CXX_LIBRARY = "libc++";
				CLANG_ENABLE_MODULES = YES;
				CLANG_ENABLE_OBJC_ARC = YES;
				CLANG_ENABLE_OBJC_WEAK = YES;
				CLANG_WARN_BLOCK_CAPTURE_AUTORELEASING = YES;
				CLANG_WARN_BOOL_CONVERSION = YES;
				CLANG_WARN_COMMA = YES;
				CLANG_WARN_CONSTANT_CONVERSION = YES;
				CLANG_WARN_DEPRECATED_OBJC_IMPLEMENTATIONS = YES;
				CLANG_WARN_DIRECT_OBJC_ISA_USAGE = YES_ERROR;
				CLANG_WARN_DOCUMENTATION_COMMENTS = YES;
				CLANG_WARN_EMPTY_BODY = YES;
				CLANG_WARN_ENUM_CONVERSION = YES;
				CLANG_WARN_INFINITE_RECURSION = YES;
				CLANG_WARN_INT_CONVERSION = YES;
				CLANG_WARN_NON_LITERAL_NULL_CONVERSION = YES;
				CLANG_WARN_OBJC_IMPLICIT_RETAIN_SELF = YES;
				CLANG_WARN_OBJC_LITERAL_CONVERSION = YES;
				CLANG_WARN_OBJC_ROOT_CLASS = YES_ERROR;
				CLANG_WARN_RANGE_LOOP_ANALYSIS = YES;
				CLANG_WARN_STRICT_PROTOTYPES = YES;
				CLANG_WARN_SUSPICIOUS_MOVE = YES;
				CLANG_WARN_UNGUARDED_AVAILABILITY = YES_AGGRESSIVE;
				CLANG_WARN_UNREACHABLE_CODE = YES;
				CLANG_WARN__DUPLICATE_METHOD_MATCH = YES;
				CODE_SIGN_IDENTITY = "iPhone Developer";
				COPY_PHASE_STRIP = NO;
				DEBUG_INFORMATION_FORMAT = "dwarf-with-dsym";
				ENABLE_NS_ASSERTIONS = NO;
				ENABLE_STRICT_OBJC_MSGSEND = YES;
				GCC_C_LANGUAGE_STANDARD = gnu11;
				GCC_NO_COMMON_BLOCKS = YES;
				GCC_WARN_64_TO_32_BIT_CONVERSION = YES;
				GCC_WARN_ABOUT_RETURN_TYPE = YES_ERROR;
				GCC_WARN_UNDECLARED_SELECTOR = YES;
				GCC_WARN_UNINITIALIZED_AUTOS = YES_AGGRESSIVE;
				GCC_WARN_UNUSED_FUNCTION = YES;
				GCC_WARN_UNUSED_VARIABLE = YES;
				IPHONEOS_DEPLOYMENT_TARGET = 12.1;
				MTL_ENABLE_DEBUG_INFO = NO;
				MTL_FAST_MATH = YES;
				SDKROOT = iphoneos;
				SWIFT_COMPILATION_MODE = wholemodule;
				SWIFT_OPTIMIZATION_LEVEL = "-O";
				VALIDATE_PRODUCT = YES;
			};
			name = Release;
		};
		C5B2AB7B23EED97700F052EE /* Debug */ = {
			isa = XCBuildConfiguration;
			baseConfigurationReference = 67CAAE7C06EB95EBD4C15FA4 /* Pods-CoachAssistantApp.debug.xcconfig */;
			buildSettings = {
				ASSETCATALOG_COMPILER_APPICON_NAME = AppIcon;
				CODE_SIGN_STYLE = Automatic;
				DEVELOPMENT_TEAM = 2L24TQ8W95;
				INFOPLIST_FILE = CoachAssistantApp/Info.plist;
				LD_RUNPATH_SEARCH_PATHS = (
					"$(inherited)",
					"@executable_path/Frameworks",
				);
				PRODUCT_BUNDLE_IDENTIFIER = "com.swift-fmi.CoachAssistantApp";
				PRODUCT_NAME = "$(TARGET_NAME)";
				SWIFT_VERSION = 4.2;
				TARGETED_DEVICE_FAMILY = "1,2";
			};
			name = Debug;
		};
		C5B2AB7C23EED97700F052EE /* Release */ = {
			isa = XCBuildConfiguration;
			baseConfigurationReference = 0629CD294696295BE99CE456 /* Pods-CoachAssistantApp.release.xcconfig */;
			buildSettings = {
				ASSETCATALOG_COMPILER_APPICON_NAME = AppIcon;
				CODE_SIGN_STYLE = Automatic;
				DEVELOPMENT_TEAM = 2L24TQ8W95;
				INFOPLIST_FILE = CoachAssistantApp/Info.plist;
				LD_RUNPATH_SEARCH_PATHS = (
					"$(inherited)",
					"@executable_path/Frameworks",
				);
				PRODUCT_BUNDLE_IDENTIFIER = "com.swift-fmi.CoachAssistantApp";
				PRODUCT_NAME = "$(TARGET_NAME)";
				SWIFT_VERSION = 4.2;
				TARGETED_DEVICE_FAMILY = "1,2";
			};
			name = Release;
		};
/* End XCBuildConfiguration section */

/* Begin XCConfigurationList section */
		C5B2AB6323EED97400F052EE /* Build configuration list for PBXProject "CoachAssistantApp" */ = {
			isa = XCConfigurationList;
			buildConfigurations = (
				C5B2AB7823EED97700F052EE /* Debug */,
				C5B2AB7923EED97700F052EE /* Release */,
			);
			defaultConfigurationIsVisible = 0;
			defaultConfigurationName = Release;
		};
		C5B2AB7A23EED97700F052EE /* Build configuration list for PBXNativeTarget "CoachAssistantApp" */ = {
			isa = XCConfigurationList;
			buildConfigurations = (
				C5B2AB7B23EED97700F052EE /* Debug */,
				C5B2AB7C23EED97700F052EE /* Release */,
			);
			defaultConfigurationIsVisible = 0;
			defaultConfigurationName = Release;
		};
/* End XCConfigurationList section */
	};
	rootObject = C5B2AB6023EED97400F052EE /* Project object */;
}
